
Microsoft Visual Studio Solution File, Format Version 12.00
# Visual Studio Version 16
VisualStudioVersion = 16.0.31205.134
MinimumVisualStudioVersion = 10.0.40219.1
Project("{FAE04EC0-301F-11D3-BF4B-00C04F79EFBC}") = "Drugstore_test", "Drugstore_test.csproj", "{FC68C7BA-D1FA-4773-AC62-67FEAFF0ADB8}"
EndProject
Project("{FAE04EC0-301F-11D3-BF4B-00C04F79EFBC}") = "Drugstore_test.tests", "Drugstore_test.tests\Drugstore_test.tests.csproj", "{F1F054E3-26A0-48DE-BBD8-E44C12FB4558}"
EndProject
Global
	GlobalSection(SolutionConfigurationPlatforms) = preSolution
		Debug|Any CPU = Debug|Any CPU
		Release|Any CPU = Release|Any CPU
	EndGlobalSection
	GlobalSection(ProjectConfigurationPlatforms) = postSolution
		{FC68C7BA-D1FA-4773-AC62-67FEAFF0ADB8}.Debug|Any CPU.ActiveCfg = Debug|Any CPU
		{FC68C7BA-D1FA-4773-AC62-67FEAFF0ADB8}.Debug|Any CPU.Build.0 = Debug|Any CPU
		{FC68C7BA-D1FA-4773-AC62-67FEAFF0ADB8}.Release|Any CPU.ActiveCfg = Release|Any CPU
		{FC68C7BA-D1FA-4773-AC62-67FEAFF0ADB8}.Release|Any CPU.Build.0 = Release|Any CPU
		{F1F054E3-26A0-48DE-BBD8-E44C12FB4558}.Debug|Any CPU.ActiveCfg = Debug|Any CPU
		{F1F054E3-26A0-48DE-BBD8-E44C12FB4558}.Debug|Any CPU.Build.0 = Debug|Any CPU
		{F1F054E3-26A0-48DE-BBD8-E44C12FB4558}.Release|Any CPU.ActiveCfg = Release|Any CPU
		{F1F054E3-26A0-48DE-BBD8-E44C12FB4558}.Release|Any CPU.Build.0 = Release|Any CPU
	EndGlobalSection
	GlobalSection(SolutionProperties) = preSolution
		HideSolutionNode = FALSE
	EndGlobalSection
	GlobalSection(ExtensibilityGlobals) = postSolution
		SolutionGuid = {D945A56D-8D90-4FD6-A5BF-2A6B83B8157D}
	EndGlobalSection
EndGlobal
